
Microsoft Visual Studio Solution File, Format Version 12.00
# Visual Studio Version 17
VisualStudioVersion = 17.0.31903.59
MinimumVisualStudioVersion = 10.0.40219.1
Project("{FAE04EC0-301F-11D3-BF4B-00C04F79EFBC}") = "Sovva.Domain", "Sovva.Domain\Sovva.Domain.csproj", "{5DD9750B-8973-45D9-8465-4835D1CB8B69}"
EndProject
Project("{FAE04EC0-301F-11D3-BF4B-00C04F79EFBC}") = "Sovva.Application", "Sovva.Application\Sovva.Application.csproj", "{90A15DF9-370B-47AC-9696-196DB946A917}"
EndProject
Project("{FAE04EC0-301F-11D3-BF4B-00C04F79EFBC}") = "Sovva.Infrastructure", "Sovva.Infrastructure\Sovva.Infrastructure.csproj", "{FA2716C6-8006-4E2C-A861-FC8861805CB4}"
EndProject
Project("{FAE04EC0-301F-11D3-BF4B-00C04F79EFBC}") = "Sovva.WebAPI", "Sovva.WebAPI\Sovva.WebAPI.csproj", "{61787605-13B7-4F10-BD57-D31D3AB55B15}"
EndProject
Global
	GlobalSection(SolutionConfigurationPlatforms) = preSolution
		Debug|Any CPU = Debug|Any CPU
		Release|Any CPU = Release|Any CPU
	EndGlobalSection
	GlobalSection(SolutionProperties) = preSolution
		HideSolutionNode = FALSE
	EndGlobalSection
	GlobalSection(ProjectConfigurationPlatforms) = postSolution
		{5DD9750B-8973-45D9-8465-4835D1CB8B69}.Debug|Any CPU.ActiveCfg = Debug|Any CPU
		{5DD9750B-8973-45D9-8465-4835D1CB8B69}.Debug|Any CPU.Build.0 = Debug|Any CPU
		{5DD9750B-8973-45D9-8465-4835D1CB8B69}.Release|Any CPU.ActiveCfg = Release|Any CPU
		{5DD9750B-8973-45D9-8465-4835D1CB8B69}.Release|Any CPU.Build.0 = Release|Any CPU
		{90A15DF9-370B-47AC-9696-196DB946A917}.Debug|Any CPU.ActiveCfg = Debug|Any CPU
		{90A15DF9-370B-47AC-9696-196DB946A917}.Debug|Any CPU.Build.0 = Debug|Any CPU
		{90A15DF9-370B-47AC-9696-196DB946A917}.Release|Any CPU.ActiveCfg = Release|Any CPU
		{90A15DF9-370B-47AC-9696-196DB946A917}.Release|Any CPU.Build.0 = Release|Any CPU
		{FA2716C6-8006-4E2C-A861-FC8861805CB4}.Debug|Any CPU.ActiveCfg = Debug|Any CPU
		{FA2716C6-8006-4E2C-A861-FC8861805CB4}.Debug|Any CPU.Build.0 = Debug|Any CPU
		{FA2716C6-8006-4E2C-A861-FC8861805CB4}.Release|Any CPU.ActiveCfg = Release|Any CPU
		{FA2716C6-8006-4E2C-A861-FC8861805CB4}.Release|Any CPU.Build.0 = Release|Any CPU
		{61787605-13B7-4F10-BD57-D31D3AB55B15}.Debug|Any CPU.ActiveCfg = Debug|Any CPU
		{61787605-13B7-4F10-BD57-D31D3AB55B15}.Debug|Any CPU.Build.0 = Debug|Any CPU
		{61787605-13B7-4F10-BD57-D31D3AB55B15}.Release|Any CPU.ActiveCfg = Release|Any CPU
		{61787605-13B7-4F10-BD57-D31D3AB55B15}.Release|Any CPU.Build.0 = Release|Any CPU
	EndGlobalSection
EndGlobal
